{
    "_meta": {
        "hash": {
            "sha256": "d91e480d497f4f7d621ee33eef93ed3ce796945ca3b20a04375ef2c5858e8505"
        },
        "pipfile-spec": 6,
        "requires": {
            "python_version": "3.6"
        },
        "sources": [
            {
                "name": "pypi",
                "url": "https://pypi.python.org/simple",
                "verify_ssl": true
            }
        ]
    },
    "default": {
        "sqlalchemy": {
            "hashes": [
                "sha256:e21e5561a85dcdf16b8520ae4daec7401c5c24558e0ce004f9b60be75c4b6957"
            ],
            "index": "pypi",
            "version": "==1.2.9"
        }
    },
    "develop": {}
}
